<?xml version="1.0" encoding="utf-8"?>
<Project ToolsVersion="4.0" xmlns="http://schemas.microsoft.com/developer/msbuild/2003">
  <ItemGroup>
    <Filter Include="Source Files">
      <UniqueIdentifier>{4FC737F1-C7A5-4376-A066-2A32D752A2FF}</UniqueIdentifier>
      <Extensions>cpp;c;cc;cxx;def;odl;idl;hpj;bat;asm;asmx</Extensions>
    </Filter>
    <Filter Include="Header Files">
      <UniqueIdentifier>{93995380-89BD-4b04-88EB-625FBE52EBFB}</UniqueIdentifier>
      <Extensions>h;hh;hpp;hxx;hm;inl;inc;xsd</Extensions>
    </Filter>
    <Filter Include="Resource Files">
      <UniqueIdentifier>{67DA6AB6-F800-4c08-8B7A-83BB121AAD01}</UniqueIdentifier>
      <Extensions>rc;ico;cur;bmp;dlg;rc2;rct;bin;rgs;gif;jpg;jpeg;jpe;resx;tiff;tif;png;wav;mfcribbon-ms</Extensions>
    </Filter>
    <Filter Include="Header Files\Network">
      <UniqueIdentifier>{4c9630e2-13b0-4c67-b9d8-31b24c55c52f}</UniqueIdentifier>
    </Filter>
    <Filter Include="Source Files\Network">
      <UniqueIdentifier>{69fd9ed2-9668-4e6b-bc64-34468ed0baa8}</UniqueIdentifier>
    </Filter>
    <Filter Include="Header Files\Time">
      <UniqueIdentifier>{78f011e4-9863-4b99-8038-5b3cb7ee640e}</UniqueIdentifier>
    </Filter>
    <Filter Include="Header Files\Math">
      <UniqueIdentifier>{929d1433-4d0d-4cd9-bcf9-e810750cae88}</UniqueIdentifier>
    </Filter>
    <Filter Include="Header Files\Graphic">
      <UniqueIdentifier>{aad0bd7d-1d5f-4869-b92c-50830c954853}</UniqueIdentifier>
    </Filter>
    <Filter Include="Source Files\Graphic">
      <UniqueIdentifier>{ed174233-68eb-4100-81fa-f474bc52a22d}</UniqueIdentifier>
    </Filter>
    <Filter Include="Source Files\Math">
      <UniqueIdentifier>{38ba970e-2d71-4849-84e2-c1aed7793216}</UniqueIdentifier>
    </Filter>
    <Filter Include="Source Files\Time">
      <UniqueIdentifier>{01a2ab3e-9f4e-4795-810d-0c735ceb94c8}</UniqueIdentifier>
    </Filter>
  </ItemGroup>
  <ItemGroup>
    <ClInclude Include="Debug.h">
      <Filter>Header Files</Filter>
    </ClInclude>
    <ClInclude Include="Log.h">
      <Filter>Header Files</Filter>
    </ClInclude>
    <ClInclude Include="MemoryAllocation.h">
      <Filter>Header Files</Filter>
    </ClInclude>
    <ClInclude Include="MemoryAllocation.hpp">
      <Filter>Header Files</Filter>
    </ClInclude>
    <ClInclude Include="Mutex.h">
      <Filter>Header Files</Filter>
    </ClInclude>
    <ClInclude Include="OrderedVector.h">
      <Filter>Header Files</Filter>
    </ClInclude>
    <ClInclude Include="Thread.h">
      <Filter>Header Files</Filter>
    </ClInclude>
    <ClInclude Include="Vector.h">
      <Filter>Header Files</Filter>
    </ClInclude>
    <ClInclude Include="OrderedVector.hpp">
      <Filter>Header Files</Filter>
    </ClInclude>
    <ClInclude Include="Vector.hpp">
      <Filter>Header Files</Filter>
    </ClInclude>
    <ClInclude Include="BuildConfig.h">
      <Filter>Header Files</Filter>
    </ClInclude>
    <ClInclude Include="Utility.h">
      <Filter>Header Files</Filter>
    </ClInclude>
    <ClInclude Include="Utility.hpp">
      <Filter>Header Files</Filter>
    </ClInclude>
    <ClInclude Include="String.h">
      <Filter>Header Files</Filter>
    </ClInclude>
    <ClInclude Include="String.hpp">
      <Filter>Header Files</Filter>
    </ClInclude>
    <ClInclude Include="UTF8String.h">
      <Filter>Header Files</Filter>
    </ClInclude>
    <ClInclude Include="BasicLoadable.h">
      <Filter>Header Files</Filter>
    </ClInclude>
    <ClInclude Include="UTF8String.hpp">
      <Filter>Header Files</Filter>
    </ClInclude>
    <ClInclude Include="SimpleLog.h">
      <Filter>Header Files</Filter>
    </ClInclude>
    <ClInclude Include="Math\Operations.h">
      <Filter>Header Files</Filter>
    </ClInclude>
    <ClInclude Include="Regex.h">
      <Filter>Header Files</Filter>
    </ClInclude>
    <ClInclude Include="Regex.hpp">
      <Filter>Header Files</Filter>
    </ClInclude>
    <ClInclude Include="Application.h">
      <Filter>Header Files</Filter>
    </ClInclude>
    <ClInclude Include="Application.hpp">
      <Filter>Header Files</Filter>
    </ClInclude>
    <ClInclude Include="Network\Address.h">
      <Filter>Header Files\Network</Filter>
    </ClInclude>
    <ClInclude Include="Network\AddrInfo.h">
      <Filter>Header Files\Network</Filter>
    </ClInclude>
    <ClInclude Include="Network\Connection.h">
      <Filter>Header Files\Network</Filter>
    </ClInclude>
    <ClInclude Include="Network\Server.h">
      <Filter>Header Files\Network</Filter>
    </ClInclude>
    <ClInclude Include="Math\Mat2.h">
      <Filter>Header Files\Math</Filter>
    </ClInclude>
    <ClInclude Include="Math\Mat2.hpp">
      <Filter>Header Files\Math</Filter>
    </ClInclude>
    <ClInclude Include="Math\Mat3.h">
      <Filter>Header Files\Math</Filter>
    </ClInclude>
    <ClInclude Include="Math\Mat3.hpp">
      <Filter>Header Files\Math</Filter>
    </ClInclude>
    <ClInclude Include="Math\Mat4.h">
      <Filter>Header Files\Math</Filter>
    </ClInclude>
    <ClInclude Include="Math\Mat4.hpp">
      <Filter>Header Files\Math</Filter>
    </ClInclude>
    <ClInclude Include="Math\Vec2.h">
      <Filter>Header Files\Math</Filter>
    </ClInclude>
    <ClInclude Include="Math\Vec2.hpp">
      <Filter>Header Files\Math</Filter>
    </ClInclude>
    <ClInclude Include="Math\Vec3.h">
      <Filter>Header Files\Math</Filter>
    </ClInclude>
    <ClInclude Include="Math\Vec3.hpp">
      <Filter>Header Files\Math</Filter>
    </ClInclude>
    <ClInclude Include="Math\Vec4.h">
      <Filter>Header Files\Math</Filter>
    </ClInclude>
    <ClInclude Include="Math\Vec4.hpp">
      <Filter>Header Files\Math</Filter>
    </ClInclude>
    <ClInclude Include="Graphic.h">
      <Filter>Header Files\Graphic</Filter>
    </ClInclude>
    <ClInclude Include="Graphic.hpp">
      <Filter>Header Files\Graphic</Filter>
    </ClInclude>
    <ClInclude Include="Math\BoundingBox2D.h">
      <Filter>Header Files\Math</Filter>
    </ClInclude>
    <ClInclude Include="Math\BoundingBox2D.hpp">
      <Filter>Header Files\Math</Filter>
    </ClInclude>
    <ClInclude Include="Math\Rectangle.hpp">
      <Filter>Header Files\Math</Filter>
    </ClInclude>
    <ClInclude Include="Math\Rectangle.h">
      <Filter>Header Files\Math</Filter>
    </ClInclude>
    <ClInclude Include="Math\Line.h">
      <Filter>Header Files\Math</Filter>
    </ClInclude>
    <ClInclude Include="Math\Line.hpp">
      <Filter>Header Files\Math</Filter>
    </ClInclude>
    <ClInclude Include="Network\BasicNetwork.h">
      <Filter>Header Files\Network</Filter>
    </ClInclude>
    <ClInclude Include="Time\Date.hpp">
      <Filter>Header Files\Time</Filter>
    </ClInclude>
    <ClInclude Include="Time\Date.h">
      <Filter>Header Files\Time</Filter>
    </ClInclude>
    <ClInclude Include="Time\Duration.hpp">
      <Filter>Header Files\Time</Filter>
    </ClInclude>
    <ClInclude Include="Time\Duration.h">
      <Filter>Header Files\Time</Filter>
    </ClInclude>
    <ClInclude Include="Time\Tick.h">
      <Filter>Header Files\Time</Filter>
    </ClInclude>
    <ClInclude Include="Time\TickRate.h">
      <Filter>Header Files\Time</Filter>
    </ClInclude>
    <ClInclude Include="Time\TimePoint.h">
      <Filter>Header Files\Time</Filter>
    </ClInclude>
    <ClInclude Include="Time\TimePoint.hpp">
      <Filter>Header Files\Time</Filter>
    </ClInclude>
    <ClInclude Include="Graphic\BasicGraphic.h">
      <Filter>Header Files\Graphic</Filter>
    </ClInclude>
    <ClInclude Include="Graphic\ColorFunc.h">
      <Filter>Header Files\Graphic</Filter>
    </ClInclude>
    <ClInclude Include="Graphic\Font.h">
      <Filter>Header Files\Graphic</Filter>
    </ClInclude>
    <ClInclude Include="Graphic\FontLoadable.h">
      <Filter>Header Files\Graphic</Filter>
    </ClInclude>
    <ClInclude Include="Graphic\FreeImage.h">
      <Filter>Header Files\Graphic</Filter>
    </ClInclude>
    <ClInclude Include="Graphic\FreeTypeChar.h">
      <Filter>Header Files\Graphic</Filter>
    </ClInclude>
    <ClInclude Include="Graphic\Gradient.h">
      <Filter>Header Files\Graphic</Filter>
    </ClInclude>
    <ClInclude Include="Graphic\GradientInterpolated.h">
      <Filter>Header Files\Graphic</Filter>
    </ClInclude>
    <ClInclude Include="Graphic\Image.h">
      <Filter>Header Files\Graphic</Filter>
    </ClInclude>
    <ClInclude Include="Graphic\Texture.h">
      <Filter>Header Files\Graphic</Filter>
    </ClInclude>
    <ClInclude Include="Graphic\TextureLoadable.h">
      <Filter>Header Files\Graphic</Filter>
    </ClInclude>
    <ClInclude Include="Graphic\BlendingFunc.hpp">
      <Filter>Header Files\Graphic</Filter>
    </ClInclude>
    <ClInclude Include="Graphic\Gradient.hpp">
      <Filter>Header Files\Graphic</Filter>
    </ClInclude>
    <ClInclude Include="Graphic\GradientInterpolated.hpp">
      <Filter>Header Files\Graphic</Filter>
    </ClInclude>
    <ClInclude Include="Graphic\Image.hpp">
      <Filter>Header Files\Graphic</Filter>
    </ClInclude>
    <ClInclude Include="Graphic\Texture.hpp">
      <Filter>Header Files\Graphic</Filter>
    </ClInclude>
    <ClInclude Include="Graphic\TextureLoadable.hpp">
      <Filter>Header Files\Graphic</Filter>
    </ClInclude>
    <ClInclude Include="Math\BasicMath.hpp">
      <Filter>Header Files\Math</Filter>
    </ClInclude>
    <ClInclude Include="Math\BasicMath.h">
      <Filter>Header Files\Math</Filter>
    </ClInclude>
    <ClInclude Include="Math\Transformations.h">
      <Filter>Header Files\Math</Filter>
    </ClInclude>
    <ClInclude Include="Math\Transformations.hpp">
      <Filter>Header Files\Math</Filter>
    </ClInclude>
    <ClInclude Include="Graphic\KernelFunc.hpp">
      <Filter>Header Files\Graphic</Filter>
    </ClInclude>
    <ClInclude Include="Graphic\FreeTypeChar.hpp">
      <Filter>Header Files</Filter>
    </ClInclude>
    <ClInclude Include="Graphic\Font.hpp">
      <Filter>Header Files\Graphic</Filter>
    </ClInclude>
    <ClInclude Include="Graphic\FontLoadable.hpp">
      <Filter>Header Files\Graphic</Filter>
    </ClInclude>
    <ClInclude Include="Test.h">
      <Filter>Header Files</Filter>
    </ClInclude>
    <ClInclude Include="Graphic\ColorR.h">
      <Filter>Header Files</Filter>
    </ClInclude>
    <ClInclude Include="Graphic\ColorR.hpp">
      <Filter>Header Files</Filter>
    </ClInclude>
    <ClInclude Include="Graphic\ColorRGB.h">
      <Filter>Header Files</Filter>
    </ClInclude>
    <ClInclude Include="Graphic\Color.h">
      <Filter>Header Files</Filter>
    </ClInclude>
    <ClInclude Include="Graphic\ColorRGB.hpp">
      <Filter>Header Files</Filter>
    </ClInclude>
    <ClInclude Include="Graphic\ColorRGBA.h">
      <Filter>Header Files</Filter>
    </ClInclude>
    <ClInclude Include="Graphic\ColorRGBA.hpp">
      <Filter>Header Files</Filter>
    </ClInclude>
    <ClInclude Include="Graphic\ColorConvertFunc.hpp">
      <Filter>Header Files</Filter>
    </ClInclude>
    <ClInclude Include="Math\InterpolationFunc.hpp">
      <Filter>Header Files</Filter>
    </ClInclude>
    <ClInclude Include="Graphic\FontEffect.h">
      <Filter>Header Files</Filter>
    </ClInclude>
    <ClInclude Include="Graphic\FontEffect.hpp">
      <Filter>Header Files</Filter>
    </ClInclude>
    <ClInclude Include="Graphic\FontLoadingFunc.hpp">
      <Filter>Header Files</Filter>
    </ClInclude>
    <ClInclude Include="Graphic\Text.h">
      <Filter>Header Files</Filter>
    </ClInclude>
    <ClInclude Include="Graphic\Text.hpp">
      <Filter>Header Files</Filter>
    </ClInclude>
    <ClInclude Include="IO\BasicIO.hpp">
      <Filter>Header Files</Filter>
    </ClInclude>
    <ClInclude Include="IO\BasicIO.h">
      <Filter>Header Files</Filter>
    </ClInclude>
    <ClInclude Include="IO\IO.h">
      <Filter>Header Files</Filter>
    </ClInclude>
    <ClInclude Include="IO\IO.hpp">
      <Filter>Header Files</Filter>
    </ClInclude>
    <ClInclude Include="IO\SimpleIO.h">
      <Filter>Header Files</Filter>
    </ClInclude>
    <ClInclude Include="IO\SimpleIO.hpp">
      <Filter>Header Files</Filter>
    </ClInclude>
    <ClInclude Include="IO\BasicSimpleIO.h">
      <Filter>Header Files</Filter>
    </ClInclude>
    <ClInclude Include="IO\BasicLoadableIO.h">
      <Filter>Header Files</Filter>
    </ClInclude>
    <ClInclude Include="IO\BasicSimpleLoadableIO.h">
      <Filter>Header Files</Filter>
    </ClInclude>
    <ClInclude Include="XML\XMLDocument.h">
      <Filter>Header Files</Filter>
    </ClInclude>
    <ClInclude Include="Time\Time.h">
      <Filter>Header Files\Time</Filter>
    </ClInclude>
    <ClInclude Include="Math\Math.hpp">
      <Filter>Header Files\Math</Filter>
    </ClInclude>
    <ClInclude Include="Math\Math.h">
      <Filter>Header Files\Math</Filter>
    </ClInclude>
    <ClInclude Include="Math\Logical.h">
      <Filter>Header Files</Filter>
    </ClInclude>
    <ClInclude Include="Network\Network.h">
      <Filter>Header Files\Network</Filter>
    </ClInclude>
    <ClInclude Include="XML\Node.h">
      <Filter>Header Files</Filter>
    </ClInclude>
    <ClInclude Include="Map.h">
      <Filter>Header Files</Filter>
    </ClInclude>
    <ClInclude Include="Map.hpp">
      <Filter>Header Files</Filter>
    </ClInclude>
    <ClInclude Include="MapObject.hpp">
      <Filter>Header Files</Filter>
    </ClInclude>
    <ClInclude Include="Math\Compare.h">
      <Filter>Header Files</Filter>
    </ClInclude>
    <ClInclude Include="Math\Compare.hpp">
      <Filter>Header Files</Filter>
    </ClInclude>
    <ClInclude Include="Math\BasicComparable.h">
      <Filter>Header Files</Filter>
    </ClInclude>
    <ClInclude Include="Math\BasicComparable.hpp">
      <Filter>Header Files</Filter>
    </ClInclude>
    <ClInclude Include="MultiMap.h">
      <Filter>Header Files</Filter>
    </ClInclude>
    <ClInclude Include="MultiMap.hpp">
      <Filter>Header Files</Filter>
    </ClInclude>
    <ClInclude Include="UI\UI.h">
      <Filter>Header Files</Filter>
    </ClInclude>
    <ClInclude Include="UI\BasicUI.h">
      <Filter>Header Files</Filter>
    </ClInclude>
    <ClInclude Include="UI\Event.h">
      <Filter>Header Files</Filter>
    </ClInclude>
    <ClInclude Include="UI\Window.h">
      <Filter>Header Files</Filter>
    </ClInclude>
    <ClInclude Include="GL\BasicGlLoadable.h">
      <Filter>Header Files</Filter>
    </ClInclude>
    <ClInclude Include="GL\BasicGL.h">
      <Filter>Header Files</Filter>
    </ClInclude>
    <ClInclude Include="GL\GLFW.h">
      <Filter>Header Files</Filter>
    </ClInclude>
    <ClInclude Include="GL\GLFWWindow.h">
      <Filter>Header Files</Filter>
    </ClInclude>
    <ClInclude Include="IO\IOManager.h">
      <Filter>Header Files</Filter>
    </ClInclude>
    <ClInclude Include="IO\IOManager.hpp">
      <Filter>Header Files</Filter>
    </ClInclude>
    <ClInclude Include="IO\IOResource.h">
      <Filter>Header Files</Filter>
    </ClInclude>
    <ClInclude Include="IO\IOHandlerLoadable.h">
      <Filter>Header Files</Filter>
    </ClInclude>
    <ClInclude Include="IO\IOManagerLoadable.h">
      <Filter>Header Files</Filter>
    </ClInclude>
    <ClInclude Include="IO\IOManagerLoadable.hpp">
      <Filter>Header Files</Filter>
    </ClInclude>
    <ClInclude Include="IO\IOResource.hpp">
      <Filter>Header Files</Filter>
    </ClInclude>
    <ClInclude Include="IO\IOHandlerLoadable.hpp">
      <Filter>Header Files</Filter>
    </ClInclude>
    <ClInclude Include="Math\BasicDistanceable.h">
      <Filter>Header Files</Filter>
    </ClInclude>
    <ClInclude Include="Mutex.hpp">
      <Filter>Header Files</Filter>
    </ClInclude>
    <ClInclude Include="SimpleLog.hpp">
      <Filter>Header Files</Filter>
    </ClInclude>
    <ClInclude Include="BasicLoadable.hpp">
      <Filter>Header Files</Filter>
    </ClInclude>
    <ClInclude Include="Thread.hpp">
      <Filter>Header Files</Filter>
    </ClInclude>
    <ClInclude Include="Log.hpp">
      <Filter>Header Files</Filter>
    </ClInclude>
    <ClInclude Include="Network\Address.hpp">
      <Filter>Header Files</Filter>
    </ClInclude>
    <ClInclude Include="Debug.hpp">
      <Filter>Header Files</Filter>
    </ClInclude>
    <ClInclude Include="Network\AddrInfo.hpp">
      <Filter>Header Files</Filter>
    </ClInclude>
    <ClInclude Include="Network\BasicNetwork.hpp">
      <Filter>Header Files</Filter>
    </ClInclude>
    <ClInclude Include="Network\Connection.hpp">
      <Filter>Header Files</Filter>
    </ClInclude>
    <ClInclude Include="Network\Server.hpp">
      <Filter>Header Files</Filter>
    </ClInclude>
    <ClInclude Include="XML\XMLDocument.hpp">
      <Filter>Header Files</Filter>
    </ClInclude>
    <ClInclude Include="XML\Param.h">
      <Filter>Header Files</Filter>
    </ClInclude>
    <ClInclude Include="XML\Param.hpp">
      <Filter>Header Files</Filter>
    </ClInclude>
    <ClInclude Include="XML\Node.hpp">
      <Filter>Header Files</Filter>
    </ClInclude>
    <ClInclude Include="JSON\Node.h">
      <Filter>Header Files</Filter>
    </ClInclude>
    <ClInclude Include="JSON\Node.hpp">
      <Filter>Header Files</Filter>
    </ClInclude>
    <ClInclude Include="OS\Path.h">
      <Filter>Header Files</Filter>
    </ClInclude>
    <ClInclude Include="OS\Path.hpp">
      <Filter>Header Files</Filter>
    </ClInclude>
    <ClInclude Include="IO\FileStream.h">
      <Filter>Header Files</Filter>
    </ClInclude>
    <ClInclude Include="IO\FileStream.hpp">
      <Filter>Header Files</Filter>
    </ClInclude>
    <ClInclude Include="IO\BasicLoadableIO.hpp">
      <Filter>Header Files</Filter>
    </ClInclude>
    <ClInclude Include="IO\BasicSimpleIO.hpp">
      <Filter>Header Files</Filter>
    </ClInclude>
    <ClInclude Include="IO\BasicSimpleLoadableIO.hpp">
      <Filter>Header Files</Filter>
    </ClInclude>
    <ClInclude Include="IO\SimpleFileStream.h">
      <Filter>Header Files</Filter>
    </ClInclude>
    <ClInclude Include="IO\SimpleFileStream.hpp">
      <Filter>Header Files</Filter>
    </ClInclude>
    <ClInclude Include="Graphic\FreeImage.hpp">
      <Filter>Header Files</Filter>
    </ClInclude>
    <ClInclude Include="IO\IOManagedResource.h">
      <Filter>Header Files</Filter>
    </ClInclude>
    <ClInclude Include="IO\IOManagedResource.hpp">
      <Filter>Header Files</Filter>
    </ClInclude>
    <ClInclude Include="IO\IOLoadable.h">
      <Filter>Header Files</Filter>
    </ClInclude>
    <ClInclude Include="IO\IOLoadable.hpp">
      <Filter>Header Files</Filter>
    </ClInclude>
  </ItemGroup>
  <ItemGroup>
    <ClCompile Include="Simple++.cpp">
      <Filter>Source Files</Filter>
    </ClCompile>
    <ClCompile Include="Time\TimePoint.cpp">
      <Filter>Source Files\Time</Filter>
    </ClCompile>
    <ClCompile Include="Time\TickRate.cpp">
      <Filter>Source Files\Time</Filter>
    </ClCompile>
    <ClCompile Include="Time\Tick.cpp">
      <Filter>Source Files\Time</Filter>
    </ClCompile>
    <ClCompile Include="IO\BasicSimpleIO.cpp">
      <Filter>Source Files</Filter>
    </ClCompile>
    <ClCompile Include="Time\Time.cpp">
      <Filter>Source Files\Time</Filter>
    </ClCompile>
    <ClCompile Include="Math\BasicComparable.cpp">
      <Filter>Source Files</Filter>
    </ClCompile>
    <ClCompile Include="UI\Event.cpp">
      <Filter>Source Files</Filter>
    </ClCompile>
    <ClCompile Include="GL\BasicGlLoadable.cpp">
      <Filter>Source Files</Filter>
    </ClCompile>
    <ClCompile Include="UI\Window.cpp">
      <Filter>Source Files</Filter>
    </ClCompile>
    <ClCompile Include="GL\GLFW.cpp">
      <Filter>Source Files</Filter>
    </ClCompile>
    <ClCompile Include="GL\GLFWWindow.cpp">
      <Filter>Source Files</Filter>
    </ClCompile>
  </ItemGroup>
  <ItemGroup>
    <Text Include="TODO.txt" />
    <Text Include="Graphic\HELPER.txt" />
  </ItemGroup>
</Project>